// !$*UTF8*$!
{
	archiveVersion = 1;
	classes = {
	};
	objectVersion = 56;
	objects = {

/* Begin PBXBuildFile section */
		8491DEE92CA3FB2A00B8B7EA /* SwiftAdExampleApp.swift in Sources */ = {isa = PBXBuildFile; fileRef = 8491DEE82CA3FB2A00B8B7EA /* SwiftAdExampleApp.swift */; };
		8491DEEB2CA3FB2A00B8B7EA /* ContentView.swift in Sources */ = {isa = PBXBuildFile; fileRef = 8491DEEA2CA3FB2A00B8B7EA /* ContentView.swift */; };
		8491DEED2CA3FB2B00B8B7EA /* Assets.xcassets in Resources */ = {isa = PBXBuildFile; fileRef = 8491DEEC2CA3FB2B00B8B7EA /* Assets.xcassets */; };
		8491DEF02CA3FB2B00B8B7EA /* Preview Assets.xcassets in Resources */ = {isa = PBXBuildFile; fileRef = 8491DEEF2CA3FB2B00B8B7EA /* Preview Assets.xcassets */; };
		8491DEFA2CA3FB2C00B8B7EA /* SwiftAdExampleTests.swift in Sources */ = {isa = PBXBuildFile; fileRef = 8491DEF92CA3FB2C00B8B7EA /* SwiftAdExampleTests.swift */; };
		8491DF042CA3FB2C00B8B7EA /* SwiftAdExampleUITests.swift in Sources */ = {isa = PBXBuildFile; fileRef = 8491DF032CA3FB2C00B8B7EA /* SwiftAdExampleUITests.swift */; };
		8491DF062CA3FB2C00B8B7EA /* SwiftAdExampleUITestsLaunchTests.swift in Sources */ = {isa = PBXBuildFile; fileRef = 8491DF052CA3FB2C00B8B7EA /* SwiftAdExampleUITestsLaunchTests.swift */; };
		EFEE350B36208C4EAD406CC4 /* libPods-SwiftAdExample.a in Frameworks */ = {isa = PBXBuildFile; fileRef = EAD557A2DAD5C147B692F330 /* libPods-SwiftAdExample.a */; };
/* End PBXBuildFile section */

/* Begin PBXContainerItemProxy section */
		8491DEF62CA3FB2C00B8B7EA /* PBXContainerItemProxy */ = {
			isa = PBXContainerItemProxy;
			containerPortal = 8491DEDD2CA3FB2A00B8B7EA /* Project object */;
			proxyType = 1;
			remoteGlobalIDString = 8491DEE42CA3FB2A00B8B7EA;
			remoteInfo = SwiftAdExample;
		};
		8491DF002CA3FB2C00B8B7EA /* PBXContainerItemProxy */ = {
			isa = PBXContainerItemProxy;
			containerPortal = 8491DEDD2CA3FB2A00B8B7EA /* Project object */;
			proxyType = 1;
			remoteGlobalIDString = 8491DEE42CA3FB2A00B8B7EA;
			remoteInfo = SwiftAdExample;
		};
/* End PBXContainerItemProxy section */

/* Begin PBXFileReference section */
		5CECF9BC6FA0A0C0F10F7162 /* Pods-SwiftAdExample.debug.xcconfig */ = {isa = PBXFileReference; includeInIndex = 1; lastKnownFileType = text.xcconfig; name = "Pods-SwiftAdExample.debug.xcconfig"; path = "Target Support Files/Pods-SwiftAdExample/Pods-SwiftAdExample.debug.xcconfig"; sourceTree = "<group>"; };
		8391024644E32EDE1B122BB7 /* Pods-SwiftAdExample.release.xcconfig */ = {isa = PBXFileReference; includeInIndex = 1; lastKnownFileType = text.xcconfig; name = "Pods-SwiftAdExample.release.xcconfig"; path = "Target Support Files/Pods-SwiftAdExample/Pods-SwiftAdExample.release.xcconfig"; sourceTree = "<group>"; };
		847FFB812CA4180D00012BE1 /* Info.plist */ = {isa = PBXFileReference; lastKnownFileType = text.plist; path = Info.plist; sourceTree = "<group>"; };
		8491DEE52CA3FB2A00B8B7EA /* SwiftAdExample.app */ = {isa = PBXFileReference; explicitFileType = wrapper.application; includeInIndex = 0; path = SwiftAdExample.app; sourceTree = BUILT_PRODUCTS_DIR; };
		8491DEE82CA3FB2A00B8B7EA /* SwiftAdExampleApp.swift */ = {isa = PBXFileReference; lastKnownFileType = sourcecode.swift; path = SwiftAdExampleApp.swift; sourceTree = "<group>"; };
		8491DEEA2CA3FB2A00B8B7EA /* ContentView.swift */ = {isa = PBXFileReference; lastKnownFileType = sourcecode.swift; path = ContentView.swift; sourceTree = "<group>"; };
		8491DEEC2CA3FB2B00B8B7EA /* Assets.xcassets */ = {isa = PBXFileReference; lastKnownFileType = folder.assetcatalog; path = Assets.xcassets; sourceTree = "<group>"; };
		8491DEEF2CA3FB2B00B8B7EA /* Preview Assets.xcassets */ = {isa = PBXFileReference; lastKnownFileType = folder.assetcatalog; path = "Preview Assets.xcassets"; sourceTree = "<group>"; };
		8491DEF52CA3FB2C00B8B7EA /* SwiftAdExampleTests.xctest */ = {isa = PBXFileReference; explicitFileType = wrapper.cfbundle; includeInIndex = 0; path = SwiftAdExampleTests.xctest; sourceTree = BUILT_PRODUCTS_DIR; };
		8491DEF92CA3FB2C00B8B7EA /* SwiftAdExampleTests.swift */ = {isa = PBXFileReference; lastKnownFileType = sourcecode.swift; path = SwiftAdExampleTests.swift; sourceTree = "<group>"; };
		8491DEFF2CA3FB2C00B8B7EA /* SwiftAdExampleUITests.xctest */ = {isa = PBXFileReference; explicitFileType = wrapper.cfbundle; includeInIndex = 0; path = SwiftAdExampleUITests.xctest; sourceTree = BUILT_PRODUCTS_DIR; };
		8491DF032CA3FB2C00B8B7EA /* SwiftAdExampleUITests.swift */ = {isa = PBXFileReference; lastKnownFileType = sourcecode.swift; path = SwiftAdExampleUITests.swift; sourceTree = "<group>"; };
		8491DF052CA3FB2C00B8B7EA /* SwiftAdExampleUITestsLaunchTests.swift */ = {isa = PBXFileReference; lastKnownFileType = sourcecode.swift; path = SwiftAdExampleUITestsLaunchTests.swift; sourceTree = "<group>"; };
		EAD557A2DAD5C147B692F330 /* libPods-SwiftAdExample.a */ = {isa = PBXFileReference; explicitFileType = archive.ar; includeInIndex = 0; path = "libPods-SwiftAdExample.a"; sourceTree = BUILT_PRODUCTS_DIR; };
/* End PBXFileReference section */

/* Begin PBXFrameworksBuildPhase section */
		8491DEE22CA3FB2A00B8B7EA /* Frameworks */ = {
			isa = PBXFrameworksBuildPhase;
			buildActionMask = 2147483647;
			files = (
				EFEE350B36208C4EAD406CC4 /* libPods-SwiftAdExample.a in Frameworks */,
			);
			runOnlyForDeploymentPostprocessing = 0;
		};
		8491DEF22CA3FB2C00B8B7EA /* Frameworks */ = {
			isa = PBXFrameworksBuildPhase;
			buildActionMask = 2147483647;
			files = (
			);
			runOnlyForDeploymentPostprocessing = 0;
		};
		8491DEFC2CA3FB2C00B8B7EA /* Frameworks */ = {
			isa = PBXFrameworksBuildPhase;
			buildActionMask = 2147483647;
			files = (
			);
			runOnlyForDeploymentPostprocessing = 0;
		};
/* End PBXFrameworksBuildPhase section */

/* Begin PBXGroup section */
		8491DEDC2CA3FB2A00B8B7EA = {
			isa = PBXGroup;
			children = (
				8491DEE72CA3FB2A00B8B7EA /* SwiftAdExample */,
				8491DEF82CA3FB2C00B8B7EA /* SwiftAdExampleTests */,
				8491DF022CA3FB2C00B8B7EA /* SwiftAdExampleUITests */,
				8491DEE62CA3FB2A00B8B7EA /* Products */,
				86D966FB2CEAE9CD45A8981B /* Pods */,
				94248296AEDA234FE6526359 /* Frameworks */,
			);
			sourceTree = "<group>";
		};
		8491DEE62CA3FB2A00B8B7EA /* Products */ = {
			isa = PBXGroup;
			children = (
				8491DEE52CA3FB2A00B8B7EA /* SwiftAdExample.app */,
				8491DEF52CA3FB2C00B8B7EA /* SwiftAdExampleTests.xctest */,
				8491DEFF2CA3FB2C00B8B7EA /* SwiftAdExampleUITests.xctest */,
			);
			name = Products;
			sourceTree = "<group>";
		};
		8491DEE72CA3FB2A00B8B7EA /* SwiftAdExample */ = {
			isa = PBXGroup;
			children = (
				847FFB812CA4180D00012BE1 /* Info.plist */,
				8491DEE82CA3FB2A00B8B7EA /* SwiftAdExampleApp.swift */,
				8491DEEA2CA3FB2A00B8B7EA /* ContentView.swift */,
				8491DEEC2CA3FB2B00B8B7EA /* Assets.xcassets */,
				8491DEEE2CA3FB2B00B8B7EA /* Preview Content */,
			);
			path = SwiftAdExample;
			sourceTree = "<group>";
		};
		8491DEEE2CA3FB2B00B8B7EA /* Preview Content */ = {
			isa = PBXGroup;
			children = (
				8491DEEF2CA3FB2B00B8B7EA /* Preview Assets.xcassets */,
			);
			path = "Preview Content";
			sourceTree = "<group>";
		};
		8491DEF82CA3FB2C00B8B7EA /* SwiftAdExampleTests */ = {
			isa = PBXGroup;
			children = (
				8491DEF92CA3FB2C00B8B7EA /* SwiftAdExampleTests.swift */,
			);
			path = SwiftAdExampleTests;
			sourceTree = "<group>";
		};
		8491DF022CA3FB2C00B8B7EA /* SwiftAdExampleUITests */ = {
			isa = PBXGroup;
			children = (
				8491DF032CA3FB2C00B8B7EA /* SwiftAdExampleUITests.swift */,
				8491DF052CA3FB2C00B8B7EA /* SwiftAdExampleUITestsLaunchTests.swift */,
			);
			path = SwiftAdExampleUITests;
			sourceTree = "<group>";
		};
		86D966FB2CEAE9CD45A8981B /* Pods */ = {
			isa = PBXGroup;
			children = (
				5CECF9BC6FA0A0C0F10F7162 /* Pods-SwiftAdExample.debug.xcconfig */,
				8391024644E32EDE1B122BB7 /* Pods-SwiftAdExample.release.xcconfig */,
			);
			path = Pods;
			sourceTree = "<group>";
		};
		94248296AEDA234FE6526359 /* Frameworks */ = {
			isa = PBXGroup;
			children = (
				EAD557A2DAD5C147B692F330 /* libPods-SwiftAdExample.a */,
			);
			name = Frameworks;
			sourceTree = "<group>";
		};
/* End PBXGroup section */

/* Begin PBXNativeTarget section */
		8491DEE42CA3FB2A00B8B7EA /* SwiftAdExample */ = {
			isa = PBXNativeTarget;
			buildConfigurationList = 8491DF092CA3FB2C00B8B7EA /* Build configuration list for PBXNativeTarget "SwiftAdExample" */;
			buildPhases = (
				5862E94DF107DE5C77E17661 /* [CP] Check Pods Manifest.lock */,
				8491DEE12CA3FB2A00B8B7EA /* Sources */,
				8491DEE22CA3FB2A00B8B7EA /* Frameworks */,
				8491DEE32CA3FB2A00B8B7EA /* Resources */,
				3DB091A816C8339769DA3406 /* [CP] Embed Pods Frameworks */,
				77474F3C677C2DC9D96A4A44 /* [CP] Copy Pods Resources */,
			);
			buildRules = (
			);
			dependencies = (
			);
			name = SwiftAdExample;
			productName = SwiftAdExample;
			productReference = 8491DEE52CA3FB2A00B8B7EA /* SwiftAdExample.app */;
			productType = "com.apple.product-type.application";
		};
		8491DEF42CA3FB2C00B8B7EA /* SwiftAdExampleTests */ = {
			isa = PBXNativeTarget;
			buildConfigurationList = 8491DF0C2CA3FB2C00B8B7EA /* Build configuration list for PBXNativeTarget "SwiftAdExampleTests" */;
			buildPhases = (
				8491DEF12CA3FB2C00B8B7EA /* Sources */,
				8491DEF22CA3FB2C00B8B7EA /* Frameworks */,
				8491DEF32CA3FB2C00B8B7EA /* Resources */,
			);
			buildRules = (
			);
			dependencies = (
				8491DEF72CA3FB2C00B8B7EA /* PBXTargetDependency */,
			);
			name = SwiftAdExampleTests;
			productName = SwiftAdExampleTests;
			productReference = 8491DEF52CA3FB2C00B8B7EA /* SwiftAdExampleTests.xctest */;
			productType = "com.apple.product-type.bundle.unit-test";
		};
		8491DEFE2CA3FB2C00B8B7EA /* SwiftAdExampleUITests */ = {
			isa = PBXNativeTarget;
			buildConfigurationList = 8491DF0F2CA3FB2C00B8B7EA /* Build configuration list for PBXNativeTarget "SwiftAdExampleUITests" */;
			buildPhases = (
				8491DEFB2CA3FB2C00B8B7EA /* Sources */,
				8491DEFC2CA3FB2C00B8B7EA /* Frameworks */,
				8491DEFD2CA3FB2C00B8B7EA /* Resources */,
			);
			buildRules = (
			);
			dependencies = (
				8491DF012CA3FB2C00B8B7EA /* PBXTargetDependency */,
			);
			name = SwiftAdExampleUITests;
			productName = SwiftAdExampleUITests;
			productReference = 8491DEFF2CA3FB2C00B8B7EA /* SwiftAdExampleUITests.xctest */;
			productType = "com.apple.product-type.bundle.ui-testing";
		};
/* End PBXNativeTarget section */

/* Begin PBXProject section */
		8491DEDD2CA3FB2A00B8B7EA /* Project object */ = {
			isa = PBXProject;
			attributes = {
				BuildIndependentTargetsInParallel = 1;
				LastSwiftUpdateCheck = 1540;
				LastUpgradeCheck = 1540;
				TargetAttributes = {
					8491DEE42CA3FB2A00B8B7EA = {
						CreatedOnToolsVersion = 15.4;
					};
					8491DEF42CA3FB2C00B8B7EA = {
						CreatedOnToolsVersion = 15.4;
						TestTargetID = 8491DEE42CA3FB2A00B8B7EA;
					};
					8491DEFE2CA3FB2C00B8B7EA = {
						CreatedOnToolsVersion = 15.4;
						TestTargetID = 8491DEE42CA3FB2A00B8B7EA;
					};
				};
			};
			buildConfigurationList = 8491DEE02CA3FB2A00B8B7EA /* Build configuration list for PBXProject "SwiftAdExample" */;
			compatibilityVersion = "Xcode 14.0";
			developmentRegion = en;
			hasScannedForEncodings = 0;
			knownRegions = (
				en,
				Base,
			);
			mainGroup = 8491DEDC2CA3FB2A00B8B7EA;
			productRefGroup = 8491DEE62CA3FB2A00B8B7EA /* Products */;
			projectDirPath = "";
			projectRoot = "";
			targets = (
				8491DEE42CA3FB2A00B8B7EA /* SwiftAdExample */,
				8491DEF42CA3FB2C00B8B7EA /* SwiftAdExampleTests */,
				8491DEFE2CA3FB2C00B8B7EA /* SwiftAdExampleUITests */,
			);
		};
/* End PBXProject section */

/* Begin PBXResourcesBuildPhase section */
		8491DEE32CA3FB2A00B8B7EA /* Resources */ = {
			isa = PBXResourcesBuildPhase;
			buildActionMask = 2147483647;
			files = (
				8491DEF02CA3FB2B00B8B7EA /* Preview Assets.xcassets in Resources */,
				8491DEED2CA3FB2B00B8B7EA /* Assets.xcassets in Resources */,
			);
			runOnlyForDeploymentPostprocessing = 0;
		};
		8491DEF32CA3FB2C00B8B7EA /* Resources */ = {
			isa = PBXResourcesBuildPhase;
			buildActionMask = 2147483647;
			files = (
			);
			runOnlyForDeploymentPostprocessing = 0;
		};
		8491DEFD2CA3FB2C00B8B7EA /* Resources */ = {
			isa = PBXResourcesBuildPhase;
			buildActionMask = 2147483647;
			files = (
			);
			runOnlyForDeploymentPostprocessing = 0;
		};
/* End PBXResourcesBuildPhase section */

/* Begin PBXShellScriptBuildPhase section */
		3DB091A816C8339769DA3406 /* [CP] Embed Pods Frameworks */ = {
			isa = PBXShellScriptBuildPhase;
			buildActionMask = 2147483647;
			files = (
			);
			inputFileListPaths = (
				"${PODS_ROOT}/Target Support Files/Pods-SwiftAdExample/Pods-SwiftAdExample-frameworks-${CONFIGURATION}-input-files.xcfilelist",
			);
			name = "[CP] Embed Pods Frameworks";
			outputFileListPaths = (
				"${PODS_ROOT}/Target Support Files/Pods-SwiftAdExample/Pods-SwiftAdExample-frameworks-${CONFIGURATION}-output-files.xcfilelist",
			);
			runOnlyForDeploymentPostprocessing = 0;
			shellPath = /bin/sh;
			shellScript = "\"${PODS_ROOT}/Target Support Files/Pods-SwiftAdExample/Pods-SwiftAdExample-frameworks.sh\"\n";
			showEnvVarsInLog = 0;
		};
		5862E94DF107DE5C77E17661 /* [CP] Check Pods Manifest.lock */ = {
			isa = PBXShellScriptBuildPhase;
			buildActionMask = 2147483647;
			files = (
			);
			inputFileListPaths = (
			);
			inputPaths = (
				"${PODS_PODFILE_DIR_PATH}/Podfile.lock",
				"${PODS_ROOT}/Manifest.lock",
			);
			name = "[CP] Check Pods Manifest.lock";
			outputFileListPaths = (
			);
			outputPaths = (
				"$(DERIVED_FILE_DIR)/Pods-SwiftAdExample-checkManifestLockResult.txt",
			);
			runOnlyForDeploymentPostprocessing = 0;
			shellPath = /bin/sh;
			shellScript = "diff \"${PODS_PODFILE_DIR_PATH}/Podfile.lock\" \"${PODS_ROOT}/Manifest.lock\" > /dev/null\nif [ $? != 0 ] ; then\n    # print error to STDERR\n    echo \"error: The sandbox is not in sync with the Podfile.lock. Run 'pod install' or update your CocoaPods installation.\" >&2\n    exit 1\nfi\n# This output is used by Xcode 'outputs' to avoid re-running this script phase.\necho \"SUCCESS\" > \"${SCRIPT_OUTPUT_FILE_0}\"\n";
			showEnvVarsInLog = 0;
		};
		77474F3C677C2DC9D96A4A44 /* [CP] Copy Pods Resources */ = {
			isa = PBXShellScriptBuildPhase;
			buildActionMask = 2147483647;
			files = (
			);
			inputFileListPaths = (
				"${PODS_ROOT}/Target Support Files/Pods-SwiftAdExample/Pods-SwiftAdExample-resources-${CONFIGURATION}-input-files.xcfilelist",
			);
			name = "[CP] Copy Pods Resources";
			outputFileListPaths = (
				"${PODS_ROOT}/Target Support Files/Pods-SwiftAdExample/Pods-SwiftAdExample-resources-${CONFIGURATION}-output-files.xcfilelist",
			);
			runOnlyForDeploymentPostprocessing = 0;
			shellPath = /bin/sh;
			shellScript = "\"${PODS_ROOT}/Target Support Files/Pods-SwiftAdExample/Pods-SwiftAdExample-resources.sh\"\n";
			showEnvVarsInLog = 0;
		};
/* End PBXShellScriptBuildPhase section */

/* Begin PBXSourcesBuildPhase section */
		8491DEE12CA3FB2A00B8B7EA /* Sources */ = {
			isa = PBXSourcesBuildPhase;
			buildActionMask = 2147483647;
			files = (
				8491DEEB2CA3FB2A00B8B7EA /* ContentView.swift in Sources */,
				8491DEE92CA3FB2A00B8B7EA /* SwiftAdExampleApp.swift in Sources */,
			);
			runOnlyForDeploymentPostprocessing = 0;
		};
		8491DEF12CA3FB2C00B8B7EA /* Sources */ = {
			isa = PBXSourcesBuildPhase;
			buildActionMask = 2147483647;
			files = (
				8491DEFA2CA3FB2C00B8B7EA /* SwiftAdExampleTests.swift in Sources */,
			);
			runOnlyForDeploymentPostprocessing = 0;
		};
		8491DEFB2CA3FB2C00B8B7EA /* Sources */ = {
			isa = PBXSourcesBuildPhase;
			buildActionMask = 2147483647;
			files = (
				8491DF062CA3FB2C00B8B7EA /* SwiftAdExampleUITestsLaunchTests.swift in Sources */,
				8491DF042CA3FB2C00B8B7EA /* SwiftAdExampleUITests.swift in Sources */,
			);
			runOnlyForDeploymentPostprocessing = 0;
		};
/* End PBXSourcesBuildPhase section */

/* Begin PBXTargetDependency section */
		8491DEF72CA3FB2C00B8B7EA /* PBXTargetDependency */ = {
			isa = PBXTargetDependency;
			target = 8491DEE42CA3FB2A00B8B7EA /* SwiftAdExample */;
			targetProxy = 8491DEF62CA3FB2C00B8B7EA /* PBXContainerItemProxy */;
		};
		8491DF012CA3FB2C00B8B7EA /* PBXTargetDependency */ = {
			isa = PBXTargetDependency;
			target = 8491DEE42CA3FB2A00B8B7EA /* SwiftAdExample */;
			targetProxy = 8491DF002CA3FB2C00B8B7EA /* PBXContainerItemProxy */;
		};
/* End PBXTargetDependency section */

/* Begin XCBuildConfiguration section */
		8491DF072CA3FB2C00B8B7EA /* Debug */ = {
			isa = XCBuildConfiguration;
			buildSettings = {
				ALWAYS_SEARCH_USER_PATHS = NO;
				ASSETCATALOG_COMPILER_GENERATE_SWIFT_ASSET_SYMBOL_EXTENSIONS = YES;
				CLANG_ANALYZER_NONNULL = YES;
				CLANG_ANALYZER_NUMBER_OBJECT_CONVERSION = YES_AGGRESSIVE;
				CLANG_CXX_LANGUAGE_STANDARD = "gnu++20";
				CLANG_ENABLE_MODULES = YES;
				CLANG_ENABLE_OBJC_ARC = YES;
				CLANG_ENABLE_OBJC_WEAK = YES;
				CLANG_WARN_BLOCK_CAPTURE_AUTORELEASING = YES;
				CLANG_WARN_BOOL_CONVERSION = YES;
				CLANG_WARN_COMMA = YES;
				CLANG_WARN_CONSTANT_CONVERSION = YES;
				CLANG_WARN_DEPRECATED_OBJC_IMPLEMENTATIONS = YES;
				CLANG_WARN_DIRECT_OBJC_ISA_USAGE = YES_ERROR;
				CLANG_WARN_DOCUMENTATION_COMMENTS = YES;
				CLANG_WARN_EMPTY_BODY = YES;
				CLANG_WARN_ENUM_CONVERSION = YES;
				CLANG_WARN_INFINITE_RECURSION = YES;
				CLANG_WARN_INT_CONVERSION = YES;
				CLANG_WARN_NON_LITERAL_NULL_CONVERSION = YES;
				CLANG_WARN_OBJC_IMPLICIT_RETAIN_SELF = YES;
				CLANG_WARN_OBJC_LITERAL_CONVERSION = YES;
				CLANG_WARN_OBJC_ROOT_CLASS = YES_ERROR;
				CLANG_WARN_QUOTED_INCLUDE_IN_FRAMEWORK_HEADER = YES;
				CLANG_WARN_RANGE_LOOP_ANALYSIS = YES;
				CLANG_WARN_STRICT_PROTOTYPES = YES;
				CLANG_WARN_SUSPICIOUS_MOVE = YES;
				CLANG_WARN_UNGUARDED_AVAILABILITY = YES_AGGRESSIVE;
				CLANG_WARN_UNREACHABLE_CODE = YES;
				CLANG_WARN__DUPLICATE_METHOD_MATCH = YES;
				COPY_PHASE_STRIP = NO;
				DEBUG_INFORMATION_FORMAT = dwarf;
				ENABLE_STRICT_OBJC_MSGSEND = YES;
				ENABLE_TESTABILITY = YES;
				ENABLE_USER_SCRIPT_SANDBOXING = YES;
				GCC_C_LANGUAGE_STANDARD = gnu17;
				GCC_DYNAMIC_NO_PIC = NO;
				GCC_NO_COMMON_BLOCKS = YES;
				GCC_OPTIMIZATION_LEVEL = 0;
				GCC_PREPROCESSOR_DEFINITIONS = (
					"DEBUG=1",
					"$(inherited)",
				);
				GCC_WARN_64_TO_32_BIT_CONVERSION = YES;
				GCC_WARN_ABOUT_RETURN_TYPE = YES_ERROR;
				GCC_WARN_UNDECLARED_SELECTOR = YES;
				GCC_WARN_UNINITIALIZED_AUTOS = YES_AGGRESSIVE;
				GCC_WARN_UNUSED_FUNCTION = YES;
				GCC_WARN_UNUSED_VARIABLE = YES;
				IPHONEOS_DEPLOYMENT_TARGET = 17.5;
				LOCALIZATION_PREFERS_STRING_CATALOGS = YES;
				MTL_ENABLE_DEBUG_INFO = INCLUDE_SOURCE;
				MTL_FAST_MATH = YES;
				ONLY_ACTIVE_ARCH = YES;
				SDKROOT = iphoneos;
				SWIFT_ACTIVE_COMPILATION_CONDITIONS = "DEBUG $(inherited)";
				SWIFT_OPTIMIZATION_LEVEL = "-Onone";
			};
			name = Debug;
		};
		8491DF082CA3FB2C00B8B7EA /* Release */ = {
			isa = XCBuildConfiguration;
			buildSettings = {
				ALWAYS_SEARCH_USER_PATHS = NO;
				ASSETCATALOG_COMPILER_GENERATE_SWIFT_ASSET_SYMBOL_EXTENSIONS = YES;
				CLANG_ANALYZER_NONNULL = YES;
				CLANG_ANALYZER_NUMBER_OBJECT_CONVERSION = YES_AGGRESSIVE;
				CLANG_CXX_LANGUAGE_STANDARD = "gnu++20";
				CLANG_ENABLE_MODULES = YES;
				CLANG_ENABLE_OBJC_ARC = YES;
				CLANG_ENABLE_OBJC_WEAK = YES;
				CLANG_WARN_BLOCK_CAPTURE_AUTORELEASING = YES;
				CLANG_WARN_BOOL_CONVERSION = YES;
				CLANG_WARN_COMMA = YES;
				CLANG_WARN_CONSTANT_CONVERSION = YES;
				CLANG_WARN_DEPRECATED_OBJC_IMPLEMENTATIONS = YES;
				CLANG_WARN_DIRECT_OBJC_ISA_USAGE = YES_ERROR;
				CLANG_WARN_DOCUMENTATION_COMMENTS = YES;
				CLANG_WARN_EMPTY_BODY = YES;
				CLANG_WARN_ENUM_CONVERSION = YES;
				CLANG_WARN_INFINITE_RECURSION = YES;
				CLANG_WARN_INT_CONVERSION = YES;
				CLANG_WARN_NON_LITERAL_NULL_CONVERSION = YES;
				CLANG_WARN_OBJC_IMPLICIT_RETAIN_SELF = YES;
				CLANG_WARN_OBJC_LITERAL_CONVERSION = YES;
				CLANG_WARN_OBJC_ROOT_CLASS = YES_ERROR;
				CLANG_WARN_QUOTED_INCLUDE_IN_FRAMEWORK_HEADER = YES;
				CLANG_WARN_RANGE_LOOP_ANALYSIS = YES;
				CLANG_WARN_STRICT_PROTOTYPES = YES;
				CLANG_WARN_SUSPICIOUS_MOVE = YES;
				CLANG_WARN_UNGUARDED_AVAILABILITY = YES_AGGRESSIVE;
				CLANG_WARN_UNREACHABLE_CODE = YES;
				CLANG_WARN__DUPLICATE_METHOD_MATCH = YES;
				COPY_PHASE_STRIP = NO;
				DEBUG_INFORMATION_FORMAT = "dwarf-with-dsym";
				ENABLE_NS_ASSERTIONS = NO;
				ENABLE_STRICT_OBJC_MSGSEND = YES;
				ENABLE_USER_SCRIPT_SANDBOXING = YES;
				GCC_C_LANGUAGE_STANDARD = gnu17;
				GCC_NO_COMMON_BLOCKS = YES;
				GCC_WARN_64_TO_32_BIT_CONVERSION = YES;
				GCC_WARN_ABOUT_RETURN_TYPE = YES_ERROR;
				GCC_WARN_UNDECLARED_SELECTOR = YES;
				GCC_WARN_UNINITIALIZED_AUTOS = YES_AGGRESSIVE;
				GCC_WARN_UNUSED_FUNCTION = YES;
				GCC_WARN_UNUSED_VARIABLE = YES;
				IPHONEOS_DEPLOYMENT_TARGET = 17.5;
				LOCALIZATION_PREFERS_STRING_CATALOGS = YES;
				MTL_ENABLE_DEBUG_INFO = NO;
				MTL_FAST_MATH = YES;
				SDKROOT = iphoneos;
				SWIFT_COMPILATION_MODE = wholemodule;
				VALIDATE_PRODUCT = YES;
			};
			name = Release;
		};
		8491DF0A2CA3FB2C00B8B7EA /* Debug */ = {
			isa = XCBuildConfiguration;
			baseConfigurationReference = 5CECF9BC6FA0A0C0F10F7162 /* Pods-SwiftAdExample.debug.xcconfig */;
			buildSettings = {
				ASSETCATALOG_COMPILER_APPICON_NAME = AppIcon;
				ASSETCATALOG_COMPILER_GLOBAL_ACCENT_COLOR_NAME = AccentColor;
				CODE_SIGN_STYLE = Automatic;
				CURRENT_PROJECT_VERSION = 1;
				DEVELOPMENT_ASSET_PATHS = "\"SwiftAdExample/Preview Content\"";
				ENABLE_PREVIEWS = YES;
				ENABLE_USER_SCRIPT_SANDBOXING = NO;
				GENERATE_INFOPLIST_FILE = YES;
				INFOPLIST_FILE = SwiftAdExample/Info.plist;
				INFOPLIST_KEY_UIApplicationSceneManifest_Generation = YES;
				INFOPLIST_KEY_UIApplicationSupportsIndirectInputEvents = YES;
				INFOPLIST_KEY_UILaunchScreen_Generation = YES;
				INFOPLIST_KEY_UISupportedInterfaceOrientations_iPad = "UIInterfaceOrientationPortrait UIInterfaceOrientationPortraitUpsideDown UIInterfaceOrientationLandscapeLeft UIInterfaceOrientationLandscapeRight";
				INFOPLIST_KEY_UISupportedInterfaceOrientations_iPhone = "UIInterfaceOrientationPortrait UIInterfaceOrientationLandscapeLeft UIInterfaceOrientationLandscapeRight";
				LD_RUNPATH_SEARCH_PATHS = (
					"$(inherited)",
					"@executable_path/Frameworks",
				);
				MARKETING_VERSION = 1.0;
				PRODUCT_BUNDLE_IDENTIFIER = sharlines.com.SwiftAdExample;
				PRODUCT_NAME = "$(TARGET_NAME)";
				SWIFT_EMIT_LOC_STRINGS = YES;
				SWIFT_VERSION = 5.0;
				TARGETED_DEVICE_FAMILY = "1,2";
			};
			name = Debug;
		};
		8491DF0B2CA3FB2C00B8B7EA /* Release */ = {
			isa = XCBuildConfiguration;
			baseConfigurationReference = 8391024644E32EDE1B122BB7 /* Pods-SwiftAdExample.release.xcconfig */;
			buildSettings = {
				ASSETCATALOG_COMPILER_APPICON_NAME = AppIcon;
				ASSETCATALOG_COMPILER_GLOBAL_ACCENT_COLOR_NAME = AccentColor;
				CODE_SIGN_STYLE = Automatic;
				CURRENT_PROJECT_VERSION = 1;
				DEVELOPMENT_ASSET_PATHS = "\"SwiftAdExample/Preview Content\"";
				ENABLE_PREVIEWS = YES;
				ENABLE_USER_SCRIPT_SANDBOXING = NO;
				GENERATE_INFOPLIST_FILE = YES;
				INFOPLIST_FILE = SwiftAdExample/Info.plist;
				INFOPLIST_KEY_UIApplicationSceneManifest_Generation = YES;
				INFOPLIST_KEY_UIApplicationSupportsIndirectInputEvents = YES;
				INFOPLIST_KEY_UILaunchScreen_Generation = YES;
				INFOPLIST_KEY_UISupportedInterfaceOrientations_iPad = "UIInterfaceOrientationPortrait UIInterfaceOrientationPortraitUpsideDown UIInterfaceOrientationLandscapeLeft UIInterfaceOrientationLandscapeRight";
				INFOPLIST_KEY_UISupportedInterfaceOrientations_iPhone = "UIInterfaceOrientationPortrait UIInterfaceOrientationLandscapeLeft UIInterfaceOrientationLandscapeRight";
				LD_RUNPATH_SEARCH_PATHS = (
					"$(inherited)",
					"@executable_path/Frameworks",
				);
				MARKETING_VERSION = 1.0;
				PRODUCT_BUNDLE_IDENTIFIER = sharlines.com.SwiftAdExample;
				PRODUCT_NAME = "$(TARGET_NAME)";
				SWIFT_EMIT_LOC_STRINGS = YES;
				SWIFT_VERSION = 5.0;
				TARGETED_DEVICE_FAMILY = "1,2";
			};
			name = Release;
		};
		8491DF0D2CA3FB2C00B8B7EA /* Debug */ = {
			isa = XCBuildConfiguration;
			buildSettings = {
				ALWAYS_EMBED_SWIFT_STANDARD_LIBRARIES = YES;
				BUNDLE_LOADER = "$(TEST_HOST)";
				CODE_SIGN_STYLE = Automatic;
				CURRENT_PROJECT_VERSION = 1;
				GENERATE_INFOPLIST_FILE = YES;
				IPHONEOS_DEPLOYMENT_TARGET = 17.5;
				MARKETING_VERSION = 1.0;
				PRODUCT_BUNDLE_IDENTIFIER = sharlines.com.SwiftAdExampleTests;
				PRODUCT_NAME = "$(TARGET_NAME)";
				SWIFT_EMIT_LOC_STRINGS = NO;
				SWIFT_VERSION = 5.0;
				TARGETED_DEVICE_FAMILY = "1,2";
				TEST_HOST = "$(BUILT_PRODUCTS_DIR)/SwiftAdExample.app/$(BUNDLE_EXECUTABLE_FOLDER_PATH)/SwiftAdExample";
			};
			name = Debug;
		};
		8491DF0E2CA3FB2C00B8B7EA /* Release */ = {
			isa = XCBuildConfiguration;
			buildSettings = {
				ALWAYS_EMBED_SWIFT_STANDARD_LIBRARIES = YES;
				BUNDLE_LOADER = "$(TEST_HOST)";
				CODE_SIGN_STYLE = Automatic;
				CURRENT_PROJECT_VERSION = 1;
				GENERATE_INFOPLIST_FILE = YES;
				IPHONEOS_DEPLOYMENT_TARGET = 17.5;
				MARKETING_VERSION = 1.0;
				PRODUCT_BUNDLE_IDENTIFIER = sharlines.com.SwiftAdExampleTests;
				PRODUCT_NAME = "$(TARGET_NAME)";
				SWIFT_EMIT_LOC_STRINGS = NO;
				SWIFT_VERSION = 5.0;
				TARGETED_DEVICE_FAMILY = "1,2";
				TEST_HOST = "$(BUILT_PRODUCTS_DIR)/SwiftAdExample.app/$(BUNDLE_EXECUTABLE_FOLDER_PATH)/SwiftAdExample";
			};
			name = Release;
		};
		8491DF102CA3FB2C00B8B7EA /* Debug */ = {
			isa = XCBuildConfiguration;
			buildSettings = {
				ALWAYS_EMBED_SWIFT_STANDARD_LIBRARIES = YES;
				CODE_SIGN_STYLE = Automatic;
				CURRENT_PROJECT_VERSION = 1;
				GENERATE_INFOPLIST_FILE = YES;
				MARKETING_VERSION = 1.0;
				PRODUCT_BUNDLE_IDENTIFIER = sharlines.com.SwiftAdExampleUITests;
				PRODUCT_NAME = "$(TARGET_NAME)";
				SWIFT_EMIT_LOC_STRINGS = NO;
				SWIFT_VERSION = 5.0;
				TARGETED_DEVICE_FAMILY = "1,2";
				TEST_TARGET_NAME = SwiftAdExample;
			};
			name = Debug;
		};
		8491DF112CA3FB2C00B8B7EA /* Release */ = {
			isa = XCBuildConfiguration;
			buildSettings = {
				ALWAYS_EMBED_SWIFT_STANDARD_LIBRARIES = YES;
				CODE_SIGN_STYLE = Automatic;
				CURRENT_PROJECT_VERSION = 1;
				GENERATE_INFOPLIST_FILE = YES;
				MARKETING_VERSION = 1.0;
				PRODUCT_BUNDLE_IDENTIFIER = sharlines.com.SwiftAdExampleUITests;
				PRODUCT_NAME = "$(TARGET_NAME)";
				SWIFT_EMIT_LOC_STRINGS = NO;
				SWIFT_VERSION = 5.0;
				TARGETED_DEVICE_FAMILY = "1,2";
				TEST_TARGET_NAME = SwiftAdExample;
			};
			name = Release;
		};
/* End XCBuildConfiguration section */

/* Begin XCConfigurationList section */
		8491DEE02CA3FB2A00B8B7EA /* Build configuration list for PBXProject "SwiftAdExample" */ = {
			isa = XCConfigurationList;
			buildConfigurations = (
				8491DF072CA3FB2C00B8B7EA /* Debug */,
				8491DF082CA3FB2C00B8B7EA /* Release */,
			);
			defaultConfigurationIsVisible = 0;
			defaultConfigurationName = Release;
		};
		8491DF092CA3FB2C00B8B7EA /* Build configuration list for PBXNativeTarget "SwiftAdExample" */ = {
			isa = XCConfigurationList;
			buildConfigurations = (
				8491DF0A2CA3FB2C00B8B7EA /* Debug */,
				8491DF0B2CA3FB2C00B8B7EA /* Release */,
			);
			defaultConfigurationIsVisible = 0;
			defaultConfigurationName = Release;
		};
		8491DF0C2CA3FB2C00B8B7EA /* Build configuration list for PBXNativeTarget "SwiftAdExampleTests" */ = {
			isa = XCConfigurationList;
			buildConfigurations = (
				8491DF0D2CA3FB2C00B8B7EA /* Debug */,
				8491DF0E2CA3FB2C00B8B7EA /* Release */,
			);
			defaultConfigurationIsVisible = 0;
			defaultConfigurationName = Release;
		};
		8491DF0F2CA3FB2C00B8B7EA /* Build configuration list for PBXNativeTarget "SwiftAdExampleUITests" */ = {
			isa = XCConfigurationList;
			buildConfigurations = (
				8491DF102CA3FB2C00B8B7EA /* Debug */,
				8491DF112CA3FB2C00B8B7EA /* Release */,
			);
			defaultConfigurationIsVisible = 0;
			defaultConfigurationName = Release;
		};
/* End XCConfigurationList section */
	};
	rootObject = 8491DEDD2CA3FB2A00B8B7EA /* Project object */;
}
